
Microsoft Visual Studio Solution File, Format Version 12.00
# Visual Studio Version 17
VisualStudioVersion = 17.3.32819.101
MinimumVisualStudioVersion = 10.0.40219.1
Project("{FAE04EC0-301F-11D3-BF4B-00C04F79EFBC}") = "MealPlanningAPI", "MealPlanningAPI.csproj", "{D5F4231C-1948-4CF9-B5F3-9CD129332F00}"
EndProject
Global
	GlobalSection(SolutionConfigurationPlatforms) = preSolution
		Debug|Any CPU = Debug|Any CPU
		Release|Any CPU = Release|Any CPU
	EndGlobalSection
	GlobalSection(ProjectConfigurationPlatforms) = postSolution
		{D5F4231C-1948-4CF9-B5F3-9CD129332F00}.Debug|Any CPU.ActiveCfg = Debug|Any CPU
		{D5F4231C-1948-4CF9-B5F3-9CD129332F00}.Debug|Any CPU.Build.0 = Debug|Any CPU
		{D5F4231C-1948-4CF9-B5F3-9CD129332F00}.Release|Any CPU.ActiveCfg = Release|Any CPU
		{D5F4231C-1948-4CF9-B5F3-9CD129332F00}.Release|Any CPU.Build.0 = Release|Any CPU
	EndGlobalSection
	GlobalSection(SolutionProperties) = preSolution
		HideSolutionNode = FALSE
	EndGlobalSection
	GlobalSection(ExtensibilityGlobals) = postSolution
		SolutionGuid = {E93D45A5-57DD-413C-81A4-9E3C25719F45}
	EndGlobalSection
EndGlobal
